
Microsoft Visual Studio Solution File, Format Version 12.00
# Visual Studio Version 17
VisualStudioVersion = 17.0.31903.59
MinimumVisualStudioVersion = 10.0.40219.1
Project("{FAE04EC0-301F-11D3-BF4B-00C04F79EFBC}") = "CustomerService", "CustomerService\CustomerService.csproj", "{DE2ADB17-A72B-4604-90E2-1B94F367983B}"
EndProject
Project("{FAE04EC0-301F-11D3-BF4B-00C04F79EFBC}") = "CustomerService.Tests", "CustomerService.Tests\CustomerService.Tests.csproj", "{20355189-C9EF-4A83-865A-BDC2717CBC00}"
EndProject
Global
	GlobalSection(SolutionConfigurationPlatforms) = preSolution
		Debug|Any CPU = Debug|Any CPU
		Release|Any CPU = Release|Any CPU
	EndGlobalSection
	GlobalSection(SolutionProperties) = preSolution
		HideSolutionNode = FALSE
	EndGlobalSection
	GlobalSection(ProjectConfigurationPlatforms) = postSolution
		{DE2ADB17-A72B-4604-90E2-1B94F367983B}.Debug|Any CPU.ActiveCfg = Debug|Any CPU
		{DE2ADB17-A72B-4604-90E2-1B94F367983B}.Debug|Any CPU.Build.0 = Debug|Any CPU
		{DE2ADB17-A72B-4604-90E2-1B94F367983B}.Release|Any CPU.ActiveCfg = Release|Any CPU
		{DE2ADB17-A72B-4604-90E2-1B94F367983B}.Release|Any CPU.Build.0 = Release|Any CPU
		{20355189-C9EF-4A83-865A-BDC2717CBC00}.Debug|Any CPU.ActiveCfg = Debug|Any CPU
		{20355189-C9EF-4A83-865A-BDC2717CBC00}.Debug|Any CPU.Build.0 = Debug|Any CPU
		{20355189-C9EF-4A83-865A-BDC2717CBC00}.Release|Any CPU.ActiveCfg = Release|Any CPU
		{20355189-C9EF-4A83-865A-BDC2717CBC00}.Release|Any CPU.Build.0 = Release|Any CPU
	EndGlobalSection
EndGlobal
